
Microsoft Visual Studio Solution File, Format Version 12.00
# Visual Studio 15
VisualStudioVersion = 15.0.27004.2009
MinimumVisualStudioVersion = 10.0.40219.1
Project("{FAE04EC0-301F-11D3-BF4B-00C04F79EFBC}") = "LINQ_Tests", "myProjects\LINQ_Tests.csproj", "{9B748EA6-18BE-4556-A887-04D884E11FB8}"
EndProject
Project("{FAE04EC0-301F-11D3-BF4B-00C04F79EFBC}") = "ConsoleApp", "ConsoleApp\ConsoleApp.csproj", "{9F311539-D9A6-4068-964D-6BC3C59A101E}"
EndProject
Project("{9A19103F-16F7-4668-BE54-9A1E7A4F7556}") = "EventsExample", "EventsExample\EventsExample.csproj", "{88482F75-1088-4859-983D-652E78187192}"
EndProject
Project("{FAE04EC0-301F-11D3-BF4B-00C04F79EFBC}") = "SnakeGame", "snake\SnakeGame.csproj", "{C1B6F386-6D0B-4F55-9150-2700E8CFE073}"
EndProject
Project("{FAE04EC0-301F-11D3-BF4B-00C04F79EFBC}") = "Collections", "Collections\Collections.csproj", "{D5F4786C-6DCF-42FF-AFE6-51D51263053A}"
EndProject
Project("{FAE04EC0-301F-11D3-BF4B-00C04F79EFBC}") = "Files", "Files\Files.csproj", "{0584303A-904E-4D39-852E-39E7391FD67E}"
EndProject
Project("{FAE04EC0-301F-11D3-BF4B-00C04F79EFBC}") = "StarWars", "StarWars\StarWars.csproj", "{C811BDE7-158E-44ED-BCD6-9039AF4DCD87}"
EndProject
Project("{FAE04EC0-301F-11D3-BF4B-00C04F79EFBC}") = "Delegat", "Delegat\Delegat.csproj", "{92609CA2-8BC8-4717-A8BB-E968D60981EC}"
EndProject
Project("{FAE04EC0-301F-11D3-BF4B-00C04F79EFBC}") = "Lambda", "Lambda\Lambda.csproj", "{56F7F87A-D84B-4A64-B7CC-7EC66C649AA5}"
EndProject
Project("{FAE04EC0-301F-11D3-BF4B-00C04F79EFBC}") = "Lock", "Lock\Lock.csproj", "{1489305F-5FA6-4736-A396-E893F4683F30}"
EndProject
Project("{FAE04EC0-301F-11D3-BF4B-00C04F79EFBC}") = "enumGroup", "enumGroup\enumGroup.csproj", "{7FBDCB42-4B59-448F-B941-31AF5A68F367}"
EndProject
Project("{FAE04EC0-301F-11D3-BF4B-00C04F79EFBC}") = "Async_await", "Async_await\Async_await.csproj", "{384AC612-E088-4F94-AC54-9BB411B0BA56}"
EndProject
Project("{FAE04EC0-301F-11D3-BF4B-00C04F79EFBC}") = "elvis", "elvis\elvis.csproj", "{74B392F7-3DE1-4DB4-AEEE-835FB2D4EAD8}"
EndProject
Project("{FAE04EC0-301F-11D3-BF4B-00C04F79EFBC}") = "tasks", "tasks\tasks.csproj", "{0A4903D9-584C-405E-854A-C2DA68214FEB}"
EndProject
Project("{9A19103F-16F7-4668-BE54-9A1E7A4F7556}") = "MVC_coreMessages", "MVC_coreMessages\MVC_coreMessages.csproj", "{62C10F2E-2BEC-40CC-B99D-C928C1CB29D3}"
EndProject
Global
	GlobalSection(SolutionConfigurationPlatforms) = preSolution
		Debug|Any CPU = Debug|Any CPU
		Release|Any CPU = Release|Any CPU
	EndGlobalSection
	GlobalSection(ProjectConfigurationPlatforms) = postSolution
		{9B748EA6-18BE-4556-A887-04D884E11FB8}.Debug|Any CPU.ActiveCfg = Debug|Any CPU
		{9B748EA6-18BE-4556-A887-04D884E11FB8}.Debug|Any CPU.Build.0 = Debug|Any CPU
		{9B748EA6-18BE-4556-A887-04D884E11FB8}.Release|Any CPU.ActiveCfg = Release|Any CPU
		{9B748EA6-18BE-4556-A887-04D884E11FB8}.Release|Any CPU.Build.0 = Release|Any CPU
		{9F311539-D9A6-4068-964D-6BC3C59A101E}.Debug|Any CPU.ActiveCfg = Debug|Any CPU
		{9F311539-D9A6-4068-964D-6BC3C59A101E}.Debug|Any CPU.Build.0 = Debug|Any CPU
		{9F311539-D9A6-4068-964D-6BC3C59A101E}.Release|Any CPU.ActiveCfg = Release|Any CPU
		{9F311539-D9A6-4068-964D-6BC3C59A101E}.Release|Any CPU.Build.0 = Release|Any CPU
		{88482F75-1088-4859-983D-652E78187192}.Debug|Any CPU.ActiveCfg = Debug|Any CPU
		{88482F75-1088-4859-983D-652E78187192}.Debug|Any CPU.Build.0 = Debug|Any CPU
		{88482F75-1088-4859-983D-652E78187192}.Release|Any CPU.ActiveCfg = Release|Any CPU
		{88482F75-1088-4859-983D-652E78187192}.Release|Any CPU.Build.0 = Release|Any CPU
		{C1B6F386-6D0B-4F55-9150-2700E8CFE073}.Debug|Any CPU.ActiveCfg = Debug|Any CPU
		{C1B6F386-6D0B-4F55-9150-2700E8CFE073}.Debug|Any CPU.Build.0 = Debug|Any CPU
		{C1B6F386-6D0B-4F55-9150-2700E8CFE073}.Release|Any CPU.ActiveCfg = Release|Any CPU
		{C1B6F386-6D0B-4F55-9150-2700E8CFE073}.Release|Any CPU.Build.0 = Release|Any CPU
		{D5F4786C-6DCF-42FF-AFE6-51D51263053A}.Debug|Any CPU.ActiveCfg = Debug|Any CPU
		{D5F4786C-6DCF-42FF-AFE6-51D51263053A}.Debug|Any CPU.Build.0 = Debug|Any CPU
		{D5F4786C-6DCF-42FF-AFE6-51D51263053A}.Release|Any CPU.ActiveCfg = Release|Any CPU
		{D5F4786C-6DCF-42FF-AFE6-51D51263053A}.Release|Any CPU.Build.0 = Release|Any CPU
		{0584303A-904E-4D39-852E-39E7391FD67E}.Debug|Any CPU.ActiveCfg = Debug|Any CPU
		{0584303A-904E-4D39-852E-39E7391FD67E}.Debug|Any CPU.Build.0 = Debug|Any CPU
		{0584303A-904E-4D39-852E-39E7391FD67E}.Release|Any CPU.ActiveCfg = Release|Any CPU
		{0584303A-904E-4D39-852E-39E7391FD67E}.Release|Any CPU.Build.0 = Release|Any CPU
		{C811BDE7-158E-44ED-BCD6-9039AF4DCD87}.Debug|Any CPU.ActiveCfg = Debug|Any CPU
		{C811BDE7-158E-44ED-BCD6-9039AF4DCD87}.Debug|Any CPU.Build.0 = Debug|Any CPU
		{C811BDE7-158E-44ED-BCD6-9039AF4DCD87}.Release|Any CPU.ActiveCfg = Release|Any CPU
		{C811BDE7-158E-44ED-BCD6-9039AF4DCD87}.Release|Any CPU.Build.0 = Release|Any CPU
		{92609CA2-8BC8-4717-A8BB-E968D60981EC}.Debug|Any CPU.ActiveCfg = Debug|Any CPU
		{92609CA2-8BC8-4717-A8BB-E968D60981EC}.Debug|Any CPU.Build.0 = Debug|Any CPU
		{92609CA2-8BC8-4717-A8BB-E968D60981EC}.Release|Any CPU.ActiveCfg = Release|Any CPU
		{92609CA2-8BC8-4717-A8BB-E968D60981EC}.Release|Any CPU.Build.0 = Release|Any CPU
		{56F7F87A-D84B-4A64-B7CC-7EC66C649AA5}.Debug|Any CPU.ActiveCfg = Debug|Any CPU
		{56F7F87A-D84B-4A64-B7CC-7EC66C649AA5}.Debug|Any CPU.Build.0 = Debug|Any CPU
		{56F7F87A-D84B-4A64-B7CC-7EC66C649AA5}.Release|Any CPU.ActiveCfg = Release|Any CPU
		{56F7F87A-D84B-4A64-B7CC-7EC66C649AA5}.Release|Any CPU.Build.0 = Release|Any CPU
		{1489305F-5FA6-4736-A396-E893F4683F30}.Debug|Any CPU.ActiveCfg = Debug|Any CPU
		{1489305F-5FA6-4736-A396-E893F4683F30}.Debug|Any CPU.Build.0 = Debug|Any CPU
		{1489305F-5FA6-4736-A396-E893F4683F30}.Release|Any CPU.ActiveCfg = Release|Any CPU
		{1489305F-5FA6-4736-A396-E893F4683F30}.Release|Any CPU.Build.0 = Release|Any CPU
		{7FBDCB42-4B59-448F-B941-31AF5A68F367}.Debug|Any CPU.ActiveCfg = Debug|Any CPU
		{7FBDCB42-4B59-448F-B941-31AF5A68F367}.Debug|Any CPU.Build.0 = Debug|Any CPU
		{7FBDCB42-4B59-448F-B941-31AF5A68F367}.Release|Any CPU.ActiveCfg = Release|Any CPU
		{7FBDCB42-4B59-448F-B941-31AF5A68F367}.Release|Any CPU.Build.0 = Release|Any CPU
		{384AC612-E088-4F94-AC54-9BB411B0BA56}.Debug|Any CPU.ActiveCfg = Debug|Any CPU
		{384AC612-E088-4F94-AC54-9BB411B0BA56}.Debug|Any CPU.Build.0 = Debug|Any CPU
		{384AC612-E088-4F94-AC54-9BB411B0BA56}.Release|Any CPU.ActiveCfg = Release|Any CPU
		{384AC612-E088-4F94-AC54-9BB411B0BA56}.Release|Any CPU.Build.0 = Release|Any CPU
		{74B392F7-3DE1-4DB4-AEEE-835FB2D4EAD8}.Debug|Any CPU.ActiveCfg = Debug|Any CPU
		{74B392F7-3DE1-4DB4-AEEE-835FB2D4EAD8}.Debug|Any CPU.Build.0 = Debug|Any CPU
		{74B392F7-3DE1-4DB4-AEEE-835FB2D4EAD8}.Release|Any CPU.ActiveCfg = Release|Any CPU
		{74B392F7-3DE1-4DB4-AEEE-835FB2D4EAD8}.Release|Any CPU.Build.0 = Release|Any CPU
		{0A4903D9-584C-405E-854A-C2DA68214FEB}.Debug|Any CPU.ActiveCfg = Debug|Any CPU
		{0A4903D9-584C-405E-854A-C2DA68214FEB}.Debug|Any CPU.Build.0 = Debug|Any CPU
		{0A4903D9-584C-405E-854A-C2DA68214FEB}.Release|Any CPU.ActiveCfg = Release|Any CPU
		{0A4903D9-584C-405E-854A-C2DA68214FEB}.Release|Any CPU.Build.0 = Release|Any CPU
		{62C10F2E-2BEC-40CC-B99D-C928C1CB29D3}.Debug|Any CPU.ActiveCfg = Debug|Any CPU
		{62C10F2E-2BEC-40CC-B99D-C928C1CB29D3}.Debug|Any CPU.Build.0 = Debug|Any CPU
		{62C10F2E-2BEC-40CC-B99D-C928C1CB29D3}.Release|Any CPU.ActiveCfg = Release|Any CPU
		{62C10F2E-2BEC-40CC-B99D-C928C1CB29D3}.Release|Any CPU.Build.0 = Release|Any CPU
	EndGlobalSection
	GlobalSection(SolutionProperties) = preSolution
		HideSolutionNode = FALSE
	EndGlobalSection
	GlobalSection(ExtensibilityGlobals) = postSolution
		SolutionGuid = {41CCE143-991D-4D74-82EE-CD43879362C8}
	EndGlobalSection
EndGlobal
