
Microsoft Visual Studio Solution File, Format Version 12.00
# Visual Studio Version 16
VisualStudioVersion = 16.0.29009.5
MinimumVisualStudioVersion = 10.0.40219.1
Project("{FAE04EC0-301F-11D3-BF4B-00C04F79EFBC}") = "LINQ_Tests", "myProjects\LINQ_Tests.csproj", "{9B748EA6-18BE-4556-A887-04D884E11FB8}"
EndProject
Project("{9A19103F-16F7-4668-BE54-9A1E7A4F7556}") = "EventsExample", "EventsExample\EventsExample.csproj", "{88482F75-1088-4859-983D-652E78187192}"
EndProject
Project("{FAE04EC0-301F-11D3-BF4B-00C04F79EFBC}") = "SnakeGame", "snake\SnakeGame.csproj", "{C1B6F386-6D0B-4F55-9150-2700E8CFE073}"
EndProject
Project("{FAE04EC0-301F-11D3-BF4B-00C04F79EFBC}") = "Collections", "Collections\Collections.csproj", "{D5F4786C-6DCF-42FF-AFE6-51D51263053A}"
EndProject
Project("{FAE04EC0-301F-11D3-BF4B-00C04F79EFBC}") = "StarWars", "StarWars\StarWars.csproj", "{C811BDE7-158E-44ED-BCD6-9039AF4DCD87}"
EndProject
Project("{FAE04EC0-301F-11D3-BF4B-00C04F79EFBC}") = "Delegat", "Delegat\Delegat.csproj", "{92609CA2-8BC8-4717-A8BB-E968D60981EC}"
EndProject
Project("{FAE04EC0-301F-11D3-BF4B-00C04F79EFBC}") = "Lock", "Lock\Lock.csproj", "{1489305F-5FA6-4736-A396-E893F4683F30}"
EndProject
Project("{FAE04EC0-301F-11D3-BF4B-00C04F79EFBC}") = "enumGroup", "enumGroup\enumGroup.csproj", "{7FBDCB42-4B59-448F-B941-31AF5A68F367}"
EndProject
Project("{FAE04EC0-301F-11D3-BF4B-00C04F79EFBC}") = "Async_await", "Async_await\Async_await.csproj", "{384AC612-E088-4F94-AC54-9BB411B0BA56}"
EndProject
Project("{FAE04EC0-301F-11D3-BF4B-00C04F79EFBC}") = "tasks", "tasks\tasks.csproj", "{0A4903D9-584C-405E-854A-C2DA68214FEB}"
EndProject
Project("{9A19103F-16F7-4668-BE54-9A1E7A4F7556}") = "MVC_coreMessages", "MVC_coreMessages\MVC_coreMessages.csproj", "{62C10F2E-2BEC-40CC-B99D-C928C1CB29D3}"
EndProject
Project("{9A19103F-16F7-4668-BE54-9A1E7A4F7556}") = "StatePattern", "StatePattern\StatePattern.csproj", "{24128468-7463-4AFC-80F0-B18318941B5E}"
EndProject
Project("{9A19103F-16F7-4668-BE54-9A1E7A4F7556}") = "MediatorPattern", "MediatorPattern\MediatorPattern.csproj", "{9873221A-92EB-49EE-BCE6-3AB135CE5AC5}"
EndProject
Project("{FAE04EC0-301F-11D3-BF4B-00C04F79EFBC}") = "DeleteIds", "DeleteIds\DeleteIds.csproj", "{A8F46523-5375-4DA6-BFDD-8CB7CCDDA535}"
EndProject
Project("{FAE04EC0-301F-11D3-BF4B-00C04F79EFBC}") = "ConsoleApp", "ConsoleApp\ConsoleApp.csproj", "{9F311539-D9A6-4068-964D-6BC3C59A101E}"
EndProject
Project("{FAE04EC0-301F-11D3-BF4B-00C04F79EFBC}") = "ExamQuestions", "ExamQuestions\ExamQuestions.csproj", "{E47C0C39-E335-48E0-A94F-7B7F33C8B168}"
EndProject
Project("{8BC9CEB8-8B4A-11D0-8D11-00A0C91BC942}") = "fibonachi", "fibonachi\fibonachi.vcxproj", "{BD406EF3-5322-49BB-A7A3-4F40C2A4E47F}"
EndProject
Project("{FAE04EC0-301F-11D3-BF4B-00C04F79EFBC}") = "Algoritms", "buffetTest\Algoritms.csproj", "{EDBB4936-9DBB-4827-9E39-85ADCABD47FD}"
EndProject
Project("{FAE04EC0-301F-11D3-BF4B-00C04F79EFBC}") = "FactoryMethodPattern", "FactoryMethodPattern\FactoryMethodPattern.csproj", "{1E6BEFDE-8CDA-498B-A782-360CD17FFCFB}"
EndProject
Project("{FAE04EC0-301F-11D3-BF4B-00C04F79EFBC}") = "AbstractFactoryPattern", "AbstractFactoryPattern\AbstractFactoryPattern.csproj", "{917AC346-4EFB-4738-87E8-71A59E529226}"
EndProject
Project("{FAE04EC0-301F-11D3-BF4B-00C04F79EFBC}") = "PrototypePattern", "PrototipePattern\PrototypePattern.csproj", "{616C1CF1-C4F6-47E2-B17E-F46A306C70E1}"
EndProject
Project("{FAE04EC0-301F-11D3-BF4B-00C04F79EFBC}") = "BuilderPattern", "BuilderPattern\BuilderPattern.csproj", "{6B51A937-B8A7-4E5D-B46F-E41897825E6C}"
EndProject
Project("{FAE04EC0-301F-11D3-BF4B-00C04F79EFBC}") = "StrategyPattern", "StrategyPattern\StrategyPattern.csproj", "{95FEF9C2-BD15-433C-B812-86F682B14939}"
EndProject
Project("{FAE04EC0-301F-11D3-BF4B-00C04F79EFBC}") = "ObserverPattern", "ObserverPattern\ObserverPattern.csproj", "{7C91775B-6823-4501-8EAC-74F64C7126F5}"
EndProject
Project("{FAE04EC0-301F-11D3-BF4B-00C04F79EFBC}") = "CommandPattern", "CommandPattern\CommandPattern.csproj", "{52EFA479-EB31-4AE6-BC4F-561233B1D3DC}"
EndProject
Project("{2150E333-8FDC-42A3-9474-1A3956D46DE8}") = "DisignPatterns", "DisignPatterns", "{5A477082-5A10-4744-BFA9-16E5FA6E203E}"
EndProject
Project("{2150E333-8FDC-42A3-9474-1A3956D46DE8}") = "BehavierPatterns", "BehavierPatterns", "{64F15705-23C8-4CC2-B929-2CE6E66104D0}"
EndProject
Project("{2150E333-8FDC-42A3-9474-1A3956D46DE8}") = "CreationPatterns", "CreationPatterns", "{3B0B679B-5BCA-4714-BE99-A0F9016801D9}"
EndProject
Project("{FAE04EC0-301F-11D3-BF4B-00C04F79EFBC}") = "TemplateMetodPattern", "TemplateMetodPattern\TemplateMetodPattern.csproj", "{DE7EC1A4-3815-408B-A4B0-B3D722710A5E}"
EndProject
Project("{FAE04EC0-301F-11D3-BF4B-00C04F79EFBC}") = "ChainOfResponsibilityPattern", "ChainOfResponsibilityPattern\ChainOfResponsibilityPattern.csproj", "{9EB5D2C8-FA85-4C66-A357-6C1FADE4D4C3}"
EndProject
Project("{2150E333-8FDC-42A3-9474-1A3956D46DE8}") = "StructuralPatterns", "StructuralPatterns", "{2B8F0AC8-7D51-42B7-91AD-8A1946B76B66}"
EndProject
Project("{FAE04EC0-301F-11D3-BF4B-00C04F79EFBC}") = "DecoratorPattern", "ConsoleApp2\DecoratorPattern.csproj", "{84B19FFB-83D1-4851-9D25-34CD8C423AF4}"
EndProject
Project("{FAE04EC0-301F-11D3-BF4B-00C04F79EFBC}") = "AdapterPattern", "AdapterPattern\AdapterPattern.csproj", "{B4CA70A4-A846-45D3-94D5-0737D6CA06CC}"
EndProject
Global
	GlobalSection(SolutionConfigurationPlatforms) = preSolution
		Debug|Any CPU = Debug|Any CPU
		Debug|x64 = Debug|x64
		Debug|x86 = Debug|x86
		Release|Any CPU = Release|Any CPU
		Release|x64 = Release|x64
		Release|x86 = Release|x86
	EndGlobalSection
	GlobalSection(ProjectConfigurationPlatforms) = postSolution
		{9B748EA6-18BE-4556-A887-04D884E11FB8}.Debug|Any CPU.ActiveCfg = Debug|Any CPU
		{9B748EA6-18BE-4556-A887-04D884E11FB8}.Debug|Any CPU.Build.0 = Debug|Any CPU
		{9B748EA6-18BE-4556-A887-04D884E11FB8}.Debug|x64.ActiveCfg = Debug|Any CPU
		{9B748EA6-18BE-4556-A887-04D884E11FB8}.Debug|x64.Build.0 = Debug|Any CPU
		{9B748EA6-18BE-4556-A887-04D884E11FB8}.Debug|x86.ActiveCfg = Debug|Any CPU
		{9B748EA6-18BE-4556-A887-04D884E11FB8}.Debug|x86.Build.0 = Debug|Any CPU
		{9B748EA6-18BE-4556-A887-04D884E11FB8}.Release|Any CPU.ActiveCfg = Release|Any CPU
		{9B748EA6-18BE-4556-A887-04D884E11FB8}.Release|Any CPU.Build.0 = Release|Any CPU
		{9B748EA6-18BE-4556-A887-04D884E11FB8}.Release|x64.ActiveCfg = Release|Any CPU
		{9B748EA6-18BE-4556-A887-04D884E11FB8}.Release|x64.Build.0 = Release|Any CPU
		{9B748EA6-18BE-4556-A887-04D884E11FB8}.Release|x86.ActiveCfg = Release|Any CPU
		{9B748EA6-18BE-4556-A887-04D884E11FB8}.Release|x86.Build.0 = Release|Any CPU
		{88482F75-1088-4859-983D-652E78187192}.Debug|Any CPU.ActiveCfg = Debug|Any CPU
		{88482F75-1088-4859-983D-652E78187192}.Debug|Any CPU.Build.0 = Debug|Any CPU
		{88482F75-1088-4859-983D-652E78187192}.Debug|x64.ActiveCfg = Debug|Any CPU
		{88482F75-1088-4859-983D-652E78187192}.Debug|x64.Build.0 = Debug|Any CPU
		{88482F75-1088-4859-983D-652E78187192}.Debug|x86.ActiveCfg = Debug|Any CPU
		{88482F75-1088-4859-983D-652E78187192}.Debug|x86.Build.0 = Debug|Any CPU
		{88482F75-1088-4859-983D-652E78187192}.Release|Any CPU.ActiveCfg = Release|Any CPU
		{88482F75-1088-4859-983D-652E78187192}.Release|Any CPU.Build.0 = Release|Any CPU
		{88482F75-1088-4859-983D-652E78187192}.Release|x64.ActiveCfg = Release|Any CPU
		{88482F75-1088-4859-983D-652E78187192}.Release|x64.Build.0 = Release|Any CPU
		{88482F75-1088-4859-983D-652E78187192}.Release|x86.ActiveCfg = Release|Any CPU
		{88482F75-1088-4859-983D-652E78187192}.Release|x86.Build.0 = Release|Any CPU
		{C1B6F386-6D0B-4F55-9150-2700E8CFE073}.Debug|Any CPU.ActiveCfg = Debug|Any CPU
		{C1B6F386-6D0B-4F55-9150-2700E8CFE073}.Debug|Any CPU.Build.0 = Debug|Any CPU
		{C1B6F386-6D0B-4F55-9150-2700E8CFE073}.Debug|x64.ActiveCfg = Debug|Any CPU
		{C1B6F386-6D0B-4F55-9150-2700E8CFE073}.Debug|x64.Build.0 = Debug|Any CPU
		{C1B6F386-6D0B-4F55-9150-2700E8CFE073}.Debug|x86.ActiveCfg = Debug|Any CPU
		{C1B6F386-6D0B-4F55-9150-2700E8CFE073}.Debug|x86.Build.0 = Debug|Any CPU
		{C1B6F386-6D0B-4F55-9150-2700E8CFE073}.Release|Any CPU.ActiveCfg = Release|Any CPU
		{C1B6F386-6D0B-4F55-9150-2700E8CFE073}.Release|Any CPU.Build.0 = Release|Any CPU
		{C1B6F386-6D0B-4F55-9150-2700E8CFE073}.Release|x64.ActiveCfg = Release|Any CPU
		{C1B6F386-6D0B-4F55-9150-2700E8CFE073}.Release|x64.Build.0 = Release|Any CPU
		{C1B6F386-6D0B-4F55-9150-2700E8CFE073}.Release|x86.ActiveCfg = Release|Any CPU
		{C1B6F386-6D0B-4F55-9150-2700E8CFE073}.Release|x86.Build.0 = Release|Any CPU
		{D5F4786C-6DCF-42FF-AFE6-51D51263053A}.Debug|Any CPU.ActiveCfg = Debug|Any CPU
		{D5F4786C-6DCF-42FF-AFE6-51D51263053A}.Debug|Any CPU.Build.0 = Debug|Any CPU
		{D5F4786C-6DCF-42FF-AFE6-51D51263053A}.Debug|x64.ActiveCfg = Debug|Any CPU
		{D5F4786C-6DCF-42FF-AFE6-51D51263053A}.Debug|x64.Build.0 = Debug|Any CPU
		{D5F4786C-6DCF-42FF-AFE6-51D51263053A}.Debug|x86.ActiveCfg = Debug|Any CPU
		{D5F4786C-6DCF-42FF-AFE6-51D51263053A}.Debug|x86.Build.0 = Debug|Any CPU
		{D5F4786C-6DCF-42FF-AFE6-51D51263053A}.Release|Any CPU.ActiveCfg = Release|Any CPU
		{D5F4786C-6DCF-42FF-AFE6-51D51263053A}.Release|Any CPU.Build.0 = Release|Any CPU
		{D5F4786C-6DCF-42FF-AFE6-51D51263053A}.Release|x64.ActiveCfg = Release|Any CPU
		{D5F4786C-6DCF-42FF-AFE6-51D51263053A}.Release|x64.Build.0 = Release|Any CPU
		{D5F4786C-6DCF-42FF-AFE6-51D51263053A}.Release|x86.ActiveCfg = Release|Any CPU
		{D5F4786C-6DCF-42FF-AFE6-51D51263053A}.Release|x86.Build.0 = Release|Any CPU
		{C811BDE7-158E-44ED-BCD6-9039AF4DCD87}.Debug|Any CPU.ActiveCfg = Debug|Any CPU
		{C811BDE7-158E-44ED-BCD6-9039AF4DCD87}.Debug|Any CPU.Build.0 = Debug|Any CPU
		{C811BDE7-158E-44ED-BCD6-9039AF4DCD87}.Debug|x64.ActiveCfg = Debug|Any CPU
		{C811BDE7-158E-44ED-BCD6-9039AF4DCD87}.Debug|x64.Build.0 = Debug|Any CPU
		{C811BDE7-158E-44ED-BCD6-9039AF4DCD87}.Debug|x86.ActiveCfg = Debug|Any CPU
		{C811BDE7-158E-44ED-BCD6-9039AF4DCD87}.Debug|x86.Build.0 = Debug|Any CPU
		{C811BDE7-158E-44ED-BCD6-9039AF4DCD87}.Release|Any CPU.ActiveCfg = Release|Any CPU
		{C811BDE7-158E-44ED-BCD6-9039AF4DCD87}.Release|Any CPU.Build.0 = Release|Any CPU
		{C811BDE7-158E-44ED-BCD6-9039AF4DCD87}.Release|x64.ActiveCfg = Release|Any CPU
		{C811BDE7-158E-44ED-BCD6-9039AF4DCD87}.Release|x64.Build.0 = Release|Any CPU
		{C811BDE7-158E-44ED-BCD6-9039AF4DCD87}.Release|x86.ActiveCfg = Release|Any CPU
		{C811BDE7-158E-44ED-BCD6-9039AF4DCD87}.Release|x86.Build.0 = Release|Any CPU
		{92609CA2-8BC8-4717-A8BB-E968D60981EC}.Debug|Any CPU.ActiveCfg = Debug|Any CPU
		{92609CA2-8BC8-4717-A8BB-E968D60981EC}.Debug|Any CPU.Build.0 = Debug|Any CPU
		{92609CA2-8BC8-4717-A8BB-E968D60981EC}.Debug|x64.ActiveCfg = Debug|Any CPU
		{92609CA2-8BC8-4717-A8BB-E968D60981EC}.Debug|x64.Build.0 = Debug|Any CPU
		{92609CA2-8BC8-4717-A8BB-E968D60981EC}.Debug|x86.ActiveCfg = Debug|Any CPU
		{92609CA2-8BC8-4717-A8BB-E968D60981EC}.Debug|x86.Build.0 = Debug|Any CPU
		{92609CA2-8BC8-4717-A8BB-E968D60981EC}.Release|Any CPU.ActiveCfg = Release|Any CPU
		{92609CA2-8BC8-4717-A8BB-E968D60981EC}.Release|Any CPU.Build.0 = Release|Any CPU
		{92609CA2-8BC8-4717-A8BB-E968D60981EC}.Release|x64.ActiveCfg = Release|Any CPU
		{92609CA2-8BC8-4717-A8BB-E968D60981EC}.Release|x64.Build.0 = Release|Any CPU
		{92609CA2-8BC8-4717-A8BB-E968D60981EC}.Release|x86.ActiveCfg = Release|Any CPU
		{92609CA2-8BC8-4717-A8BB-E968D60981EC}.Release|x86.Build.0 = Release|Any CPU
		{1489305F-5FA6-4736-A396-E893F4683F30}.Debug|Any CPU.ActiveCfg = Debug|Any CPU
		{1489305F-5FA6-4736-A396-E893F4683F30}.Debug|Any CPU.Build.0 = Debug|Any CPU
		{1489305F-5FA6-4736-A396-E893F4683F30}.Debug|x64.ActiveCfg = Debug|Any CPU
		{1489305F-5FA6-4736-A396-E893F4683F30}.Debug|x64.Build.0 = Debug|Any CPU
		{1489305F-5FA6-4736-A396-E893F4683F30}.Debug|x86.ActiveCfg = Debug|Any CPU
		{1489305F-5FA6-4736-A396-E893F4683F30}.Debug|x86.Build.0 = Debug|Any CPU
		{1489305F-5FA6-4736-A396-E893F4683F30}.Release|Any CPU.ActiveCfg = Release|Any CPU
		{1489305F-5FA6-4736-A396-E893F4683F30}.Release|Any CPU.Build.0 = Release|Any CPU
		{1489305F-5FA6-4736-A396-E893F4683F30}.Release|x64.ActiveCfg = Release|Any CPU
		{1489305F-5FA6-4736-A396-E893F4683F30}.Release|x64.Build.0 = Release|Any CPU
		{1489305F-5FA6-4736-A396-E893F4683F30}.Release|x86.ActiveCfg = Release|Any CPU
		{1489305F-5FA6-4736-A396-E893F4683F30}.Release|x86.Build.0 = Release|Any CPU
		{7FBDCB42-4B59-448F-B941-31AF5A68F367}.Debug|Any CPU.ActiveCfg = Debug|Any CPU
		{7FBDCB42-4B59-448F-B941-31AF5A68F367}.Debug|Any CPU.Build.0 = Debug|Any CPU
		{7FBDCB42-4B59-448F-B941-31AF5A68F367}.Debug|x64.ActiveCfg = Debug|Any CPU
		{7FBDCB42-4B59-448F-B941-31AF5A68F367}.Debug|x64.Build.0 = Debug|Any CPU
		{7FBDCB42-4B59-448F-B941-31AF5A68F367}.Debug|x86.ActiveCfg = Debug|Any CPU
		{7FBDCB42-4B59-448F-B941-31AF5A68F367}.Debug|x86.Build.0 = Debug|Any CPU
		{7FBDCB42-4B59-448F-B941-31AF5A68F367}.Release|Any CPU.ActiveCfg = Release|Any CPU
		{7FBDCB42-4B59-448F-B941-31AF5A68F367}.Release|Any CPU.Build.0 = Release|Any CPU
		{7FBDCB42-4B59-448F-B941-31AF5A68F367}.Release|x64.ActiveCfg = Release|Any CPU
		{7FBDCB42-4B59-448F-B941-31AF5A68F367}.Release|x64.Build.0 = Release|Any CPU
		{7FBDCB42-4B59-448F-B941-31AF5A68F367}.Release|x86.ActiveCfg = Release|Any CPU
		{7FBDCB42-4B59-448F-B941-31AF5A68F367}.Release|x86.Build.0 = Release|Any CPU
		{384AC612-E088-4F94-AC54-9BB411B0BA56}.Debug|Any CPU.ActiveCfg = Debug|Any CPU
		{384AC612-E088-4F94-AC54-9BB411B0BA56}.Debug|Any CPU.Build.0 = Debug|Any CPU
		{384AC612-E088-4F94-AC54-9BB411B0BA56}.Debug|x64.ActiveCfg = Debug|Any CPU
		{384AC612-E088-4F94-AC54-9BB411B0BA56}.Debug|x64.Build.0 = Debug|Any CPU
		{384AC612-E088-4F94-AC54-9BB411B0BA56}.Debug|x86.ActiveCfg = Debug|Any CPU
		{384AC612-E088-4F94-AC54-9BB411B0BA56}.Debug|x86.Build.0 = Debug|Any CPU
		{384AC612-E088-4F94-AC54-9BB411B0BA56}.Release|Any CPU.ActiveCfg = Release|Any CPU
		{384AC612-E088-4F94-AC54-9BB411B0BA56}.Release|Any CPU.Build.0 = Release|Any CPU
		{384AC612-E088-4F94-AC54-9BB411B0BA56}.Release|x64.ActiveCfg = Release|Any CPU
		{384AC612-E088-4F94-AC54-9BB411B0BA56}.Release|x64.Build.0 = Release|Any CPU
		{384AC612-E088-4F94-AC54-9BB411B0BA56}.Release|x86.ActiveCfg = Release|Any CPU
		{384AC612-E088-4F94-AC54-9BB411B0BA56}.Release|x86.Build.0 = Release|Any CPU
		{0A4903D9-584C-405E-854A-C2DA68214FEB}.Debug|Any CPU.ActiveCfg = Debug|Any CPU
		{0A4903D9-584C-405E-854A-C2DA68214FEB}.Debug|Any CPU.Build.0 = Debug|Any CPU
		{0A4903D9-584C-405E-854A-C2DA68214FEB}.Debug|x64.ActiveCfg = Debug|Any CPU
		{0A4903D9-584C-405E-854A-C2DA68214FEB}.Debug|x64.Build.0 = Debug|Any CPU
		{0A4903D9-584C-405E-854A-C2DA68214FEB}.Debug|x86.ActiveCfg = Debug|Any CPU
		{0A4903D9-584C-405E-854A-C2DA68214FEB}.Debug|x86.Build.0 = Debug|Any CPU
		{0A4903D9-584C-405E-854A-C2DA68214FEB}.Release|Any CPU.ActiveCfg = Release|Any CPU
		{0A4903D9-584C-405E-854A-C2DA68214FEB}.Release|Any CPU.Build.0 = Release|Any CPU
		{0A4903D9-584C-405E-854A-C2DA68214FEB}.Release|x64.ActiveCfg = Release|Any CPU
		{0A4903D9-584C-405E-854A-C2DA68214FEB}.Release|x64.Build.0 = Release|Any CPU
		{0A4903D9-584C-405E-854A-C2DA68214FEB}.Release|x86.ActiveCfg = Release|Any CPU
		{0A4903D9-584C-405E-854A-C2DA68214FEB}.Release|x86.Build.0 = Release|Any CPU
		{62C10F2E-2BEC-40CC-B99D-C928C1CB29D3}.Debug|Any CPU.ActiveCfg = Debug|Any CPU
		{62C10F2E-2BEC-40CC-B99D-C928C1CB29D3}.Debug|Any CPU.Build.0 = Debug|Any CPU
		{62C10F2E-2BEC-40CC-B99D-C928C1CB29D3}.Debug|x64.ActiveCfg = Debug|Any CPU
		{62C10F2E-2BEC-40CC-B99D-C928C1CB29D3}.Debug|x64.Build.0 = Debug|Any CPU
		{62C10F2E-2BEC-40CC-B99D-C928C1CB29D3}.Debug|x86.ActiveCfg = Debug|Any CPU
		{62C10F2E-2BEC-40CC-B99D-C928C1CB29D3}.Debug|x86.Build.0 = Debug|Any CPU
		{62C10F2E-2BEC-40CC-B99D-C928C1CB29D3}.Release|Any CPU.ActiveCfg = Release|Any CPU
		{62C10F2E-2BEC-40CC-B99D-C928C1CB29D3}.Release|Any CPU.Build.0 = Release|Any CPU
		{62C10F2E-2BEC-40CC-B99D-C928C1CB29D3}.Release|x64.ActiveCfg = Release|Any CPU
		{62C10F2E-2BEC-40CC-B99D-C928C1CB29D3}.Release|x64.Build.0 = Release|Any CPU
		{62C10F2E-2BEC-40CC-B99D-C928C1CB29D3}.Release|x86.ActiveCfg = Release|Any CPU
		{62C10F2E-2BEC-40CC-B99D-C928C1CB29D3}.Release|x86.Build.0 = Release|Any CPU
		{24128468-7463-4AFC-80F0-B18318941B5E}.Debug|Any CPU.ActiveCfg = Debug|Any CPU
		{24128468-7463-4AFC-80F0-B18318941B5E}.Debug|Any CPU.Build.0 = Debug|Any CPU
		{24128468-7463-4AFC-80F0-B18318941B5E}.Debug|x64.ActiveCfg = Debug|Any CPU
		{24128468-7463-4AFC-80F0-B18318941B5E}.Debug|x64.Build.0 = Debug|Any CPU
		{24128468-7463-4AFC-80F0-B18318941B5E}.Debug|x86.ActiveCfg = Debug|Any CPU
		{24128468-7463-4AFC-80F0-B18318941B5E}.Debug|x86.Build.0 = Debug|Any CPU
		{24128468-7463-4AFC-80F0-B18318941B5E}.Release|Any CPU.ActiveCfg = Release|Any CPU
		{24128468-7463-4AFC-80F0-B18318941B5E}.Release|Any CPU.Build.0 = Release|Any CPU
		{24128468-7463-4AFC-80F0-B18318941B5E}.Release|x64.ActiveCfg = Release|Any CPU
		{24128468-7463-4AFC-80F0-B18318941B5E}.Release|x64.Build.0 = Release|Any CPU
		{24128468-7463-4AFC-80F0-B18318941B5E}.Release|x86.ActiveCfg = Release|Any CPU
		{24128468-7463-4AFC-80F0-B18318941B5E}.Release|x86.Build.0 = Release|Any CPU
		{9873221A-92EB-49EE-BCE6-3AB135CE5AC5}.Debug|Any CPU.ActiveCfg = Debug|Any CPU
		{9873221A-92EB-49EE-BCE6-3AB135CE5AC5}.Debug|Any CPU.Build.0 = Debug|Any CPU
		{9873221A-92EB-49EE-BCE6-3AB135CE5AC5}.Debug|x64.ActiveCfg = Debug|Any CPU
		{9873221A-92EB-49EE-BCE6-3AB135CE5AC5}.Debug|x64.Build.0 = Debug|Any CPU
		{9873221A-92EB-49EE-BCE6-3AB135CE5AC5}.Debug|x86.ActiveCfg = Debug|Any CPU
		{9873221A-92EB-49EE-BCE6-3AB135CE5AC5}.Debug|x86.Build.0 = Debug|Any CPU
		{9873221A-92EB-49EE-BCE6-3AB135CE5AC5}.Release|Any CPU.ActiveCfg = Release|Any CPU
		{9873221A-92EB-49EE-BCE6-3AB135CE5AC5}.Release|Any CPU.Build.0 = Release|Any CPU
		{9873221A-92EB-49EE-BCE6-3AB135CE5AC5}.Release|x64.ActiveCfg = Release|Any CPU
		{9873221A-92EB-49EE-BCE6-3AB135CE5AC5}.Release|x64.Build.0 = Release|Any CPU
		{9873221A-92EB-49EE-BCE6-3AB135CE5AC5}.Release|x86.ActiveCfg = Release|Any CPU
		{9873221A-92EB-49EE-BCE6-3AB135CE5AC5}.Release|x86.Build.0 = Release|Any CPU
		{A8F46523-5375-4DA6-BFDD-8CB7CCDDA535}.Debug|Any CPU.ActiveCfg = Debug|Any CPU
		{A8F46523-5375-4DA6-BFDD-8CB7CCDDA535}.Debug|Any CPU.Build.0 = Debug|Any CPU
		{A8F46523-5375-4DA6-BFDD-8CB7CCDDA535}.Debug|x64.ActiveCfg = Debug|Any CPU
		{A8F46523-5375-4DA6-BFDD-8CB7CCDDA535}.Debug|x64.Build.0 = Debug|Any CPU
		{A8F46523-5375-4DA6-BFDD-8CB7CCDDA535}.Debug|x86.ActiveCfg = Debug|Any CPU
		{A8F46523-5375-4DA6-BFDD-8CB7CCDDA535}.Debug|x86.Build.0 = Debug|Any CPU
		{A8F46523-5375-4DA6-BFDD-8CB7CCDDA535}.Release|Any CPU.ActiveCfg = Release|Any CPU
		{A8F46523-5375-4DA6-BFDD-8CB7CCDDA535}.Release|Any CPU.Build.0 = Release|Any CPU
		{A8F46523-5375-4DA6-BFDD-8CB7CCDDA535}.Release|x64.ActiveCfg = Release|Any CPU
		{A8F46523-5375-4DA6-BFDD-8CB7CCDDA535}.Release|x64.Build.0 = Release|Any CPU
		{A8F46523-5375-4DA6-BFDD-8CB7CCDDA535}.Release|x86.ActiveCfg = Release|Any CPU
		{A8F46523-5375-4DA6-BFDD-8CB7CCDDA535}.Release|x86.Build.0 = Release|Any CPU
		{9F311539-D9A6-4068-964D-6BC3C59A101E}.Debug|Any CPU.ActiveCfg = Debug|Any CPU
		{9F311539-D9A6-4068-964D-6BC3C59A101E}.Debug|Any CPU.Build.0 = Debug|Any CPU
		{9F311539-D9A6-4068-964D-6BC3C59A101E}.Debug|x64.ActiveCfg = Debug|Any CPU
		{9F311539-D9A6-4068-964D-6BC3C59A101E}.Debug|x64.Build.0 = Debug|Any CPU
		{9F311539-D9A6-4068-964D-6BC3C59A101E}.Debug|x86.ActiveCfg = Debug|Any CPU
		{9F311539-D9A6-4068-964D-6BC3C59A101E}.Debug|x86.Build.0 = Debug|Any CPU
		{9F311539-D9A6-4068-964D-6BC3C59A101E}.Release|Any CPU.ActiveCfg = Release|Any CPU
		{9F311539-D9A6-4068-964D-6BC3C59A101E}.Release|Any CPU.Build.0 = Release|Any CPU
		{9F311539-D9A6-4068-964D-6BC3C59A101E}.Release|x64.ActiveCfg = Release|Any CPU
		{9F311539-D9A6-4068-964D-6BC3C59A101E}.Release|x64.Build.0 = Release|Any CPU
		{9F311539-D9A6-4068-964D-6BC3C59A101E}.Release|x86.ActiveCfg = Release|Any CPU
		{9F311539-D9A6-4068-964D-6BC3C59A101E}.Release|x86.Build.0 = Release|Any CPU
		{E47C0C39-E335-48E0-A94F-7B7F33C8B168}.Debug|Any CPU.ActiveCfg = Debug|Any CPU
		{E47C0C39-E335-48E0-A94F-7B7F33C8B168}.Debug|Any CPU.Build.0 = Debug|Any CPU
		{E47C0C39-E335-48E0-A94F-7B7F33C8B168}.Debug|x64.ActiveCfg = Debug|Any CPU
		{E47C0C39-E335-48E0-A94F-7B7F33C8B168}.Debug|x64.Build.0 = Debug|Any CPU
		{E47C0C39-E335-48E0-A94F-7B7F33C8B168}.Debug|x86.ActiveCfg = Debug|Any CPU
		{E47C0C39-E335-48E0-A94F-7B7F33C8B168}.Debug|x86.Build.0 = Debug|Any CPU
		{E47C0C39-E335-48E0-A94F-7B7F33C8B168}.Release|Any CPU.ActiveCfg = Release|Any CPU
		{E47C0C39-E335-48E0-A94F-7B7F33C8B168}.Release|Any CPU.Build.0 = Release|Any CPU
		{E47C0C39-E335-48E0-A94F-7B7F33C8B168}.Release|x64.ActiveCfg = Release|Any CPU
		{E47C0C39-E335-48E0-A94F-7B7F33C8B168}.Release|x64.Build.0 = Release|Any CPU
		{E47C0C39-E335-48E0-A94F-7B7F33C8B168}.Release|x86.ActiveCfg = Release|Any CPU
		{E47C0C39-E335-48E0-A94F-7B7F33C8B168}.Release|x86.Build.0 = Release|Any CPU
		{BD406EF3-5322-49BB-A7A3-4F40C2A4E47F}.Debug|Any CPU.ActiveCfg = Debug|Win32
		{BD406EF3-5322-49BB-A7A3-4F40C2A4E47F}.Debug|x64.ActiveCfg = Debug|x64
		{BD406EF3-5322-49BB-A7A3-4F40C2A4E47F}.Debug|x64.Build.0 = Debug|x64
		{BD406EF3-5322-49BB-A7A3-4F40C2A4E47F}.Debug|x86.ActiveCfg = Debug|Win32
		{BD406EF3-5322-49BB-A7A3-4F40C2A4E47F}.Debug|x86.Build.0 = Debug|Win32
		{BD406EF3-5322-49BB-A7A3-4F40C2A4E47F}.Release|Any CPU.ActiveCfg = Release|Win32
		{BD406EF3-5322-49BB-A7A3-4F40C2A4E47F}.Release|x64.ActiveCfg = Release|x64
		{BD406EF3-5322-49BB-A7A3-4F40C2A4E47F}.Release|x64.Build.0 = Release|x64
		{BD406EF3-5322-49BB-A7A3-4F40C2A4E47F}.Release|x86.ActiveCfg = Release|Win32
		{BD406EF3-5322-49BB-A7A3-4F40C2A4E47F}.Release|x86.Build.0 = Release|Win32
		{EDBB4936-9DBB-4827-9E39-85ADCABD47FD}.Debug|Any CPU.ActiveCfg = Debug|Any CPU
		{EDBB4936-9DBB-4827-9E39-85ADCABD47FD}.Debug|Any CPU.Build.0 = Debug|Any CPU
		{EDBB4936-9DBB-4827-9E39-85ADCABD47FD}.Debug|x64.ActiveCfg = Debug|Any CPU
		{EDBB4936-9DBB-4827-9E39-85ADCABD47FD}.Debug|x64.Build.0 = Debug|Any CPU
		{EDBB4936-9DBB-4827-9E39-85ADCABD47FD}.Debug|x86.ActiveCfg = Debug|Any CPU
		{EDBB4936-9DBB-4827-9E39-85ADCABD47FD}.Debug|x86.Build.0 = Debug|Any CPU
		{EDBB4936-9DBB-4827-9E39-85ADCABD47FD}.Release|Any CPU.ActiveCfg = Release|Any CPU
		{EDBB4936-9DBB-4827-9E39-85ADCABD47FD}.Release|Any CPU.Build.0 = Release|Any CPU
		{EDBB4936-9DBB-4827-9E39-85ADCABD47FD}.Release|x64.ActiveCfg = Release|Any CPU
		{EDBB4936-9DBB-4827-9E39-85ADCABD47FD}.Release|x64.Build.0 = Release|Any CPU
		{EDBB4936-9DBB-4827-9E39-85ADCABD47FD}.Release|x86.ActiveCfg = Release|Any CPU
		{EDBB4936-9DBB-4827-9E39-85ADCABD47FD}.Release|x86.Build.0 = Release|Any CPU
		{1E6BEFDE-8CDA-498B-A782-360CD17FFCFB}.Debug|Any CPU.ActiveCfg = Debug|Any CPU
		{1E6BEFDE-8CDA-498B-A782-360CD17FFCFB}.Debug|Any CPU.Build.0 = Debug|Any CPU
		{1E6BEFDE-8CDA-498B-A782-360CD17FFCFB}.Debug|x64.ActiveCfg = Debug|Any CPU
		{1E6BEFDE-8CDA-498B-A782-360CD17FFCFB}.Debug|x64.Build.0 = Debug|Any CPU
		{1E6BEFDE-8CDA-498B-A782-360CD17FFCFB}.Debug|x86.ActiveCfg = Debug|Any CPU
		{1E6BEFDE-8CDA-498B-A782-360CD17FFCFB}.Debug|x86.Build.0 = Debug|Any CPU
		{1E6BEFDE-8CDA-498B-A782-360CD17FFCFB}.Release|Any CPU.ActiveCfg = Release|Any CPU
		{1E6BEFDE-8CDA-498B-A782-360CD17FFCFB}.Release|Any CPU.Build.0 = Release|Any CPU
		{1E6BEFDE-8CDA-498B-A782-360CD17FFCFB}.Release|x64.ActiveCfg = Release|Any CPU
		{1E6BEFDE-8CDA-498B-A782-360CD17FFCFB}.Release|x64.Build.0 = Release|Any CPU
		{1E6BEFDE-8CDA-498B-A782-360CD17FFCFB}.Release|x86.ActiveCfg = Release|Any CPU
		{1E6BEFDE-8CDA-498B-A782-360CD17FFCFB}.Release|x86.Build.0 = Release|Any CPU
		{917AC346-4EFB-4738-87E8-71A59E529226}.Debug|Any CPU.ActiveCfg = Debug|Any CPU
		{917AC346-4EFB-4738-87E8-71A59E529226}.Debug|Any CPU.Build.0 = Debug|Any CPU
		{917AC346-4EFB-4738-87E8-71A59E529226}.Debug|x64.ActiveCfg = Debug|Any CPU
		{917AC346-4EFB-4738-87E8-71A59E529226}.Debug|x64.Build.0 = Debug|Any CPU
		{917AC346-4EFB-4738-87E8-71A59E529226}.Debug|x86.ActiveCfg = Debug|Any CPU
		{917AC346-4EFB-4738-87E8-71A59E529226}.Debug|x86.Build.0 = Debug|Any CPU
		{917AC346-4EFB-4738-87E8-71A59E529226}.Release|Any CPU.ActiveCfg = Release|Any CPU
		{917AC346-4EFB-4738-87E8-71A59E529226}.Release|Any CPU.Build.0 = Release|Any CPU
		{917AC346-4EFB-4738-87E8-71A59E529226}.Release|x64.ActiveCfg = Release|Any CPU
		{917AC346-4EFB-4738-87E8-71A59E529226}.Release|x64.Build.0 = Release|Any CPU
		{917AC346-4EFB-4738-87E8-71A59E529226}.Release|x86.ActiveCfg = Release|Any CPU
		{917AC346-4EFB-4738-87E8-71A59E529226}.Release|x86.Build.0 = Release|Any CPU
		{616C1CF1-C4F6-47E2-B17E-F46A306C70E1}.Debug|Any CPU.ActiveCfg = Debug|Any CPU
		{616C1CF1-C4F6-47E2-B17E-F46A306C70E1}.Debug|Any CPU.Build.0 = Debug|Any CPU
		{616C1CF1-C4F6-47E2-B17E-F46A306C70E1}.Debug|x64.ActiveCfg = Debug|Any CPU
		{616C1CF1-C4F6-47E2-B17E-F46A306C70E1}.Debug|x64.Build.0 = Debug|Any CPU
		{616C1CF1-C4F6-47E2-B17E-F46A306C70E1}.Debug|x86.ActiveCfg = Debug|Any CPU
		{616C1CF1-C4F6-47E2-B17E-F46A306C70E1}.Debug|x86.Build.0 = Debug|Any CPU
		{616C1CF1-C4F6-47E2-B17E-F46A306C70E1}.Release|Any CPU.ActiveCfg = Release|Any CPU
		{616C1CF1-C4F6-47E2-B17E-F46A306C70E1}.Release|Any CPU.Build.0 = Release|Any CPU
		{616C1CF1-C4F6-47E2-B17E-F46A306C70E1}.Release|x64.ActiveCfg = Release|Any CPU
		{616C1CF1-C4F6-47E2-B17E-F46A306C70E1}.Release|x64.Build.0 = Release|Any CPU
		{616C1CF1-C4F6-47E2-B17E-F46A306C70E1}.Release|x86.ActiveCfg = Release|Any CPU
		{616C1CF1-C4F6-47E2-B17E-F46A306C70E1}.Release|x86.Build.0 = Release|Any CPU
		{6B51A937-B8A7-4E5D-B46F-E41897825E6C}.Debug|Any CPU.ActiveCfg = Debug|Any CPU
		{6B51A937-B8A7-4E5D-B46F-E41897825E6C}.Debug|Any CPU.Build.0 = Debug|Any CPU
		{6B51A937-B8A7-4E5D-B46F-E41897825E6C}.Debug|x64.ActiveCfg = Debug|Any CPU
		{6B51A937-B8A7-4E5D-B46F-E41897825E6C}.Debug|x64.Build.0 = Debug|Any CPU
		{6B51A937-B8A7-4E5D-B46F-E41897825E6C}.Debug|x86.ActiveCfg = Debug|Any CPU
		{6B51A937-B8A7-4E5D-B46F-E41897825E6C}.Debug|x86.Build.0 = Debug|Any CPU
		{6B51A937-B8A7-4E5D-B46F-E41897825E6C}.Release|Any CPU.ActiveCfg = Release|Any CPU
		{6B51A937-B8A7-4E5D-B46F-E41897825E6C}.Release|Any CPU.Build.0 = Release|Any CPU
		{6B51A937-B8A7-4E5D-B46F-E41897825E6C}.Release|x64.ActiveCfg = Release|Any CPU
		{6B51A937-B8A7-4E5D-B46F-E41897825E6C}.Release|x64.Build.0 = Release|Any CPU
		{6B51A937-B8A7-4E5D-B46F-E41897825E6C}.Release|x86.ActiveCfg = Release|Any CPU
		{6B51A937-B8A7-4E5D-B46F-E41897825E6C}.Release|x86.Build.0 = Release|Any CPU
		{95FEF9C2-BD15-433C-B812-86F682B14939}.Debug|Any CPU.ActiveCfg = Debug|Any CPU
		{95FEF9C2-BD15-433C-B812-86F682B14939}.Debug|Any CPU.Build.0 = Debug|Any CPU
		{95FEF9C2-BD15-433C-B812-86F682B14939}.Debug|x64.ActiveCfg = Debug|Any CPU
		{95FEF9C2-BD15-433C-B812-86F682B14939}.Debug|x64.Build.0 = Debug|Any CPU
		{95FEF9C2-BD15-433C-B812-86F682B14939}.Debug|x86.ActiveCfg = Debug|Any CPU
		{95FEF9C2-BD15-433C-B812-86F682B14939}.Debug|x86.Build.0 = Debug|Any CPU
		{95FEF9C2-BD15-433C-B812-86F682B14939}.Release|Any CPU.ActiveCfg = Release|Any CPU
		{95FEF9C2-BD15-433C-B812-86F682B14939}.Release|Any CPU.Build.0 = Release|Any CPU
		{95FEF9C2-BD15-433C-B812-86F682B14939}.Release|x64.ActiveCfg = Release|Any CPU
		{95FEF9C2-BD15-433C-B812-86F682B14939}.Release|x64.Build.0 = Release|Any CPU
		{95FEF9C2-BD15-433C-B812-86F682B14939}.Release|x86.ActiveCfg = Release|Any CPU
		{95FEF9C2-BD15-433C-B812-86F682B14939}.Release|x86.Build.0 = Release|Any CPU
		{7C91775B-6823-4501-8EAC-74F64C7126F5}.Debug|Any CPU.ActiveCfg = Debug|Any CPU
		{7C91775B-6823-4501-8EAC-74F64C7126F5}.Debug|Any CPU.Build.0 = Debug|Any CPU
		{7C91775B-6823-4501-8EAC-74F64C7126F5}.Debug|x64.ActiveCfg = Debug|Any CPU
		{7C91775B-6823-4501-8EAC-74F64C7126F5}.Debug|x64.Build.0 = Debug|Any CPU
		{7C91775B-6823-4501-8EAC-74F64C7126F5}.Debug|x86.ActiveCfg = Debug|Any CPU
		{7C91775B-6823-4501-8EAC-74F64C7126F5}.Debug|x86.Build.0 = Debug|Any CPU
		{7C91775B-6823-4501-8EAC-74F64C7126F5}.Release|Any CPU.ActiveCfg = Release|Any CPU
		{7C91775B-6823-4501-8EAC-74F64C7126F5}.Release|Any CPU.Build.0 = Release|Any CPU
		{7C91775B-6823-4501-8EAC-74F64C7126F5}.Release|x64.ActiveCfg = Release|Any CPU
		{7C91775B-6823-4501-8EAC-74F64C7126F5}.Release|x64.Build.0 = Release|Any CPU
		{7C91775B-6823-4501-8EAC-74F64C7126F5}.Release|x86.ActiveCfg = Release|Any CPU
		{7C91775B-6823-4501-8EAC-74F64C7126F5}.Release|x86.Build.0 = Release|Any CPU
		{52EFA479-EB31-4AE6-BC4F-561233B1D3DC}.Debug|Any CPU.ActiveCfg = Debug|Any CPU
		{52EFA479-EB31-4AE6-BC4F-561233B1D3DC}.Debug|Any CPU.Build.0 = Debug|Any CPU
		{52EFA479-EB31-4AE6-BC4F-561233B1D3DC}.Debug|x64.ActiveCfg = Debug|Any CPU
		{52EFA479-EB31-4AE6-BC4F-561233B1D3DC}.Debug|x64.Build.0 = Debug|Any CPU
		{52EFA479-EB31-4AE6-BC4F-561233B1D3DC}.Debug|x86.ActiveCfg = Debug|Any CPU
		{52EFA479-EB31-4AE6-BC4F-561233B1D3DC}.Debug|x86.Build.0 = Debug|Any CPU
		{52EFA479-EB31-4AE6-BC4F-561233B1D3DC}.Release|Any CPU.ActiveCfg = Release|Any CPU
		{52EFA479-EB31-4AE6-BC4F-561233B1D3DC}.Release|Any CPU.Build.0 = Release|Any CPU
		{52EFA479-EB31-4AE6-BC4F-561233B1D3DC}.Release|x64.ActiveCfg = Release|Any CPU
		{52EFA479-EB31-4AE6-BC4F-561233B1D3DC}.Release|x64.Build.0 = Release|Any CPU
		{52EFA479-EB31-4AE6-BC4F-561233B1D3DC}.Release|x86.ActiveCfg = Release|Any CPU
		{52EFA479-EB31-4AE6-BC4F-561233B1D3DC}.Release|x86.Build.0 = Release|Any CPU
		{DE7EC1A4-3815-408B-A4B0-B3D722710A5E}.Debug|Any CPU.ActiveCfg = Debug|Any CPU
		{DE7EC1A4-3815-408B-A4B0-B3D722710A5E}.Debug|Any CPU.Build.0 = Debug|Any CPU
		{DE7EC1A4-3815-408B-A4B0-B3D722710A5E}.Debug|x64.ActiveCfg = Debug|Any CPU
		{DE7EC1A4-3815-408B-A4B0-B3D722710A5E}.Debug|x64.Build.0 = Debug|Any CPU
		{DE7EC1A4-3815-408B-A4B0-B3D722710A5E}.Debug|x86.ActiveCfg = Debug|Any CPU
		{DE7EC1A4-3815-408B-A4B0-B3D722710A5E}.Debug|x86.Build.0 = Debug|Any CPU
		{DE7EC1A4-3815-408B-A4B0-B3D722710A5E}.Release|Any CPU.ActiveCfg = Release|Any CPU
		{DE7EC1A4-3815-408B-A4B0-B3D722710A5E}.Release|Any CPU.Build.0 = Release|Any CPU
		{DE7EC1A4-3815-408B-A4B0-B3D722710A5E}.Release|x64.ActiveCfg = Release|Any CPU
		{DE7EC1A4-3815-408B-A4B0-B3D722710A5E}.Release|x64.Build.0 = Release|Any CPU
		{DE7EC1A4-3815-408B-A4B0-B3D722710A5E}.Release|x86.ActiveCfg = Release|Any CPU
		{DE7EC1A4-3815-408B-A4B0-B3D722710A5E}.Release|x86.Build.0 = Release|Any CPU
		{9EB5D2C8-FA85-4C66-A357-6C1FADE4D4C3}.Debug|Any CPU.ActiveCfg = Debug|Any CPU
		{9EB5D2C8-FA85-4C66-A357-6C1FADE4D4C3}.Debug|Any CPU.Build.0 = Debug|Any CPU
		{9EB5D2C8-FA85-4C66-A357-6C1FADE4D4C3}.Debug|x64.ActiveCfg = Debug|Any CPU
		{9EB5D2C8-FA85-4C66-A357-6C1FADE4D4C3}.Debug|x64.Build.0 = Debug|Any CPU
		{9EB5D2C8-FA85-4C66-A357-6C1FADE4D4C3}.Debug|x86.ActiveCfg = Debug|Any CPU
		{9EB5D2C8-FA85-4C66-A357-6C1FADE4D4C3}.Debug|x86.Build.0 = Debug|Any CPU
		{9EB5D2C8-FA85-4C66-A357-6C1FADE4D4C3}.Release|Any CPU.ActiveCfg = Release|Any CPU
		{9EB5D2C8-FA85-4C66-A357-6C1FADE4D4C3}.Release|Any CPU.Build.0 = Release|Any CPU
		{9EB5D2C8-FA85-4C66-A357-6C1FADE4D4C3}.Release|x64.ActiveCfg = Release|Any CPU
		{9EB5D2C8-FA85-4C66-A357-6C1FADE4D4C3}.Release|x64.Build.0 = Release|Any CPU
		{9EB5D2C8-FA85-4C66-A357-6C1FADE4D4C3}.Release|x86.ActiveCfg = Release|Any CPU
		{9EB5D2C8-FA85-4C66-A357-6C1FADE4D4C3}.Release|x86.Build.0 = Release|Any CPU
		{84B19FFB-83D1-4851-9D25-34CD8C423AF4}.Debug|Any CPU.ActiveCfg = Debug|Any CPU
		{84B19FFB-83D1-4851-9D25-34CD8C423AF4}.Debug|Any CPU.Build.0 = Debug|Any CPU
		{84B19FFB-83D1-4851-9D25-34CD8C423AF4}.Debug|x64.ActiveCfg = Debug|Any CPU
		{84B19FFB-83D1-4851-9D25-34CD8C423AF4}.Debug|x64.Build.0 = Debug|Any CPU
		{84B19FFB-83D1-4851-9D25-34CD8C423AF4}.Debug|x86.ActiveCfg = Debug|Any CPU
		{84B19FFB-83D1-4851-9D25-34CD8C423AF4}.Debug|x86.Build.0 = Debug|Any CPU
		{84B19FFB-83D1-4851-9D25-34CD8C423AF4}.Release|Any CPU.ActiveCfg = Release|Any CPU
		{84B19FFB-83D1-4851-9D25-34CD8C423AF4}.Release|Any CPU.Build.0 = Release|Any CPU
		{84B19FFB-83D1-4851-9D25-34CD8C423AF4}.Release|x64.ActiveCfg = Release|Any CPU
		{84B19FFB-83D1-4851-9D25-34CD8C423AF4}.Release|x64.Build.0 = Release|Any CPU
		{84B19FFB-83D1-4851-9D25-34CD8C423AF4}.Release|x86.ActiveCfg = Release|Any CPU
		{84B19FFB-83D1-4851-9D25-34CD8C423AF4}.Release|x86.Build.0 = Release|Any CPU
		{B4CA70A4-A846-45D3-94D5-0737D6CA06CC}.Debug|Any CPU.ActiveCfg = Debug|Any CPU
		{B4CA70A4-A846-45D3-94D5-0737D6CA06CC}.Debug|Any CPU.Build.0 = Debug|Any CPU
		{B4CA70A4-A846-45D3-94D5-0737D6CA06CC}.Debug|x64.ActiveCfg = Debug|Any CPU
		{B4CA70A4-A846-45D3-94D5-0737D6CA06CC}.Debug|x64.Build.0 = Debug|Any CPU
		{B4CA70A4-A846-45D3-94D5-0737D6CA06CC}.Debug|x86.ActiveCfg = Debug|Any CPU
		{B4CA70A4-A846-45D3-94D5-0737D6CA06CC}.Debug|x86.Build.0 = Debug|Any CPU
		{B4CA70A4-A846-45D3-94D5-0737D6CA06CC}.Release|Any CPU.ActiveCfg = Release|Any CPU
		{B4CA70A4-A846-45D3-94D5-0737D6CA06CC}.Release|Any CPU.Build.0 = Release|Any CPU
		{B4CA70A4-A846-45D3-94D5-0737D6CA06CC}.Release|x64.ActiveCfg = Release|Any CPU
		{B4CA70A4-A846-45D3-94D5-0737D6CA06CC}.Release|x64.Build.0 = Release|Any CPU
		{B4CA70A4-A846-45D3-94D5-0737D6CA06CC}.Release|x86.ActiveCfg = Release|Any CPU
		{B4CA70A4-A846-45D3-94D5-0737D6CA06CC}.Release|x86.Build.0 = Release|Any CPU
	EndGlobalSection
	GlobalSection(SolutionProperties) = preSolution
		HideSolutionNode = FALSE
	EndGlobalSection
	GlobalSection(NestedProjects) = preSolution
		{24128468-7463-4AFC-80F0-B18318941B5E} = {64F15705-23C8-4CC2-B929-2CE6E66104D0}
		{9873221A-92EB-49EE-BCE6-3AB135CE5AC5} = {64F15705-23C8-4CC2-B929-2CE6E66104D0}
		{1E6BEFDE-8CDA-498B-A782-360CD17FFCFB} = {3B0B679B-5BCA-4714-BE99-A0F9016801D9}
		{917AC346-4EFB-4738-87E8-71A59E529226} = {3B0B679B-5BCA-4714-BE99-A0F9016801D9}
		{616C1CF1-C4F6-47E2-B17E-F46A306C70E1} = {3B0B679B-5BCA-4714-BE99-A0F9016801D9}
		{6B51A937-B8A7-4E5D-B46F-E41897825E6C} = {3B0B679B-5BCA-4714-BE99-A0F9016801D9}
		{95FEF9C2-BD15-433C-B812-86F682B14939} = {64F15705-23C8-4CC2-B929-2CE6E66104D0}
		{7C91775B-6823-4501-8EAC-74F64C7126F5} = {64F15705-23C8-4CC2-B929-2CE6E66104D0}
		{52EFA479-EB31-4AE6-BC4F-561233B1D3DC} = {64F15705-23C8-4CC2-B929-2CE6E66104D0}
		{64F15705-23C8-4CC2-B929-2CE6E66104D0} = {5A477082-5A10-4744-BFA9-16E5FA6E203E}
		{3B0B679B-5BCA-4714-BE99-A0F9016801D9} = {5A477082-5A10-4744-BFA9-16E5FA6E203E}
		{DE7EC1A4-3815-408B-A4B0-B3D722710A5E} = {64F15705-23C8-4CC2-B929-2CE6E66104D0}
		{9EB5D2C8-FA85-4C66-A357-6C1FADE4D4C3} = {64F15705-23C8-4CC2-B929-2CE6E66104D0}
		{2B8F0AC8-7D51-42B7-91AD-8A1946B76B66} = {5A477082-5A10-4744-BFA9-16E5FA6E203E}
		{84B19FFB-83D1-4851-9D25-34CD8C423AF4} = {2B8F0AC8-7D51-42B7-91AD-8A1946B76B66}
		{B4CA70A4-A846-45D3-94D5-0737D6CA06CC} = {2B8F0AC8-7D51-42B7-91AD-8A1946B76B66}
	EndGlobalSection
	GlobalSection(ExtensibilityGlobals) = postSolution
		SolutionGuid = {41CCE143-991D-4D74-82EE-CD43879362C8}
	EndGlobalSection
EndGlobal
