
Microsoft Visual Studio Solution File, Format Version 12.00
# Visual Studio 15
VisualStudioVersion = 15.0.28010.2016
MinimumVisualStudioVersion = 10.0.40219.1
Project("{FAE04EC0-301F-11D3-BF4B-00C04F79EFBC}") = "App1.Android", "App1\App1.Android\App1.Android.csproj", "{1815E779-AF7D-49F5-9945-16C5AC2C9708}"
EndProject
Project("{FAE04EC0-301F-11D3-BF4B-00C04F79EFBC}") = "App1.iOS", "App1\App1.iOS\App1.iOS.csproj", "{598FE835-95E1-4F40-9514-779C981D16FE}"
EndProject
Project("{FAE04EC0-301F-11D3-BF4B-00C04F79EFBC}") = "App1", "App1\App1\App1.csproj", "{EF854469-F6AE-4398-8463-C0EC2111F940}"
EndProject
Global
	GlobalSection(SolutionConfigurationPlatforms) = preSolution
		Debug|Any CPU = Debug|Any CPU
		Debug|iPhone = Debug|iPhone
		Debug|iPhoneSimulator = Debug|iPhoneSimulator
		Release|Any CPU = Release|Any CPU
		Release|iPhone = Release|iPhone
		Release|iPhoneSimulator = Release|iPhoneSimulator
	EndGlobalSection
	GlobalSection(ProjectConfigurationPlatforms) = postSolution
		{1815E779-AF7D-49F5-9945-16C5AC2C9708}.Debug|Any CPU.ActiveCfg = Debug|Any CPU
		{1815E779-AF7D-49F5-9945-16C5AC2C9708}.Debug|Any CPU.Build.0 = Debug|Any CPU
		{1815E779-AF7D-49F5-9945-16C5AC2C9708}.Debug|Any CPU.Deploy.0 = Debug|Any CPU
		{1815E779-AF7D-49F5-9945-16C5AC2C9708}.Debug|iPhone.ActiveCfg = Debug|Any CPU
		{1815E779-AF7D-49F5-9945-16C5AC2C9708}.Debug|iPhone.Build.0 = Debug|Any CPU
		{1815E779-AF7D-49F5-9945-16C5AC2C9708}.Debug|iPhone.Deploy.0 = Debug|Any CPU
		{1815E779-AF7D-49F5-9945-16C5AC2C9708}.Debug|iPhoneSimulator.ActiveCfg = Debug|Any CPU
		{1815E779-AF7D-49F5-9945-16C5AC2C9708}.Debug|iPhoneSimulator.Build.0 = Debug|Any CPU
		{1815E779-AF7D-49F5-9945-16C5AC2C9708}.Debug|iPhoneSimulator.Deploy.0 = Debug|Any CPU
		{1815E779-AF7D-49F5-9945-16C5AC2C9708}.Release|Any CPU.ActiveCfg = Release|Any CPU
		{1815E779-AF7D-49F5-9945-16C5AC2C9708}.Release|Any CPU.Build.0 = Release|Any CPU
		{1815E779-AF7D-49F5-9945-16C5AC2C9708}.Release|Any CPU.Deploy.0 = Release|Any CPU
		{1815E779-AF7D-49F5-9945-16C5AC2C9708}.Release|iPhone.ActiveCfg = Release|Any CPU
		{1815E779-AF7D-49F5-9945-16C5AC2C9708}.Release|iPhone.Build.0 = Release|Any CPU
		{1815E779-AF7D-49F5-9945-16C5AC2C9708}.Release|iPhone.Deploy.0 = Release|Any CPU
		{1815E779-AF7D-49F5-9945-16C5AC2C9708}.Release|iPhoneSimulator.ActiveCfg = Release|Any CPU
		{1815E779-AF7D-49F5-9945-16C5AC2C9708}.Release|iPhoneSimulator.Build.0 = Release|Any CPU
		{1815E779-AF7D-49F5-9945-16C5AC2C9708}.Release|iPhoneSimulator.Deploy.0 = Release|Any CPU
		{598FE835-95E1-4F40-9514-779C981D16FE}.Debug|Any CPU.ActiveCfg = Debug|iPhoneSimulator
		{598FE835-95E1-4F40-9514-779C981D16FE}.Debug|Any CPU.Build.0 = Debug|iPhoneSimulator
		{598FE835-95E1-4F40-9514-779C981D16FE}.Debug|Any CPU.Deploy.0 = Debug|iPhoneSimulator
		{598FE835-95E1-4F40-9514-779C981D16FE}.Debug|iPhone.ActiveCfg = Debug|iPhone
		{598FE835-95E1-4F40-9514-779C981D16FE}.Debug|iPhone.Build.0 = Debug|iPhone
		{598FE835-95E1-4F40-9514-779C981D16FE}.Debug|iPhone.Deploy.0 = Debug|iPhone
		{598FE835-95E1-4F40-9514-779C981D16FE}.Debug|iPhoneSimulator.ActiveCfg = Debug|iPhoneSimulator
		{598FE835-95E1-4F40-9514-779C981D16FE}.Debug|iPhoneSimulator.Build.0 = Debug|iPhoneSimulator
		{598FE835-95E1-4F40-9514-779C981D16FE}.Debug|iPhoneSimulator.Deploy.0 = Debug|iPhoneSimulator
		{598FE835-95E1-4F40-9514-779C981D16FE}.Release|Any CPU.ActiveCfg = Release|iPhone
		{598FE835-95E1-4F40-9514-779C981D16FE}.Release|Any CPU.Build.0 = Release|iPhone
		{598FE835-95E1-4F40-9514-779C981D16FE}.Release|Any CPU.Deploy.0 = Release|iPhone
		{598FE835-95E1-4F40-9514-779C981D16FE}.Release|iPhone.ActiveCfg = Release|iPhone
		{598FE835-95E1-4F40-9514-779C981D16FE}.Release|iPhone.Build.0 = Release|iPhone
		{598FE835-95E1-4F40-9514-779C981D16FE}.Release|iPhone.Deploy.0 = Release|iPhone
		{598FE835-95E1-4F40-9514-779C981D16FE}.Release|iPhoneSimulator.ActiveCfg = Release|iPhoneSimulator
		{598FE835-95E1-4F40-9514-779C981D16FE}.Release|iPhoneSimulator.Build.0 = Release|iPhoneSimulator
		{598FE835-95E1-4F40-9514-779C981D16FE}.Release|iPhoneSimulator.Deploy.0 = Release|iPhoneSimulator
		{EF854469-F6AE-4398-8463-C0EC2111F940}.Debug|Any CPU.ActiveCfg = Debug|Any CPU
		{EF854469-F6AE-4398-8463-C0EC2111F940}.Debug|Any CPU.Build.0 = Debug|Any CPU
		{EF854469-F6AE-4398-8463-C0EC2111F940}.Debug|Any CPU.Deploy.0 = Debug|Any CPU
		{EF854469-F6AE-4398-8463-C0EC2111F940}.Debug|iPhone.ActiveCfg = Debug|Any CPU
		{EF854469-F6AE-4398-8463-C0EC2111F940}.Debug|iPhone.Build.0 = Debug|Any CPU
		{EF854469-F6AE-4398-8463-C0EC2111F940}.Debug|iPhone.Deploy.0 = Debug|Any CPU
		{EF854469-F6AE-4398-8463-C0EC2111F940}.Debug|iPhoneSimulator.ActiveCfg = Debug|Any CPU
		{EF854469-F6AE-4398-8463-C0EC2111F940}.Debug|iPhoneSimulator.Build.0 = Debug|Any CPU
		{EF854469-F6AE-4398-8463-C0EC2111F940}.Debug|iPhoneSimulator.Deploy.0 = Debug|Any CPU
		{EF854469-F6AE-4398-8463-C0EC2111F940}.Release|Any CPU.ActiveCfg = Release|Any CPU
		{EF854469-F6AE-4398-8463-C0EC2111F940}.Release|Any CPU.Build.0 = Release|Any CPU
		{EF854469-F6AE-4398-8463-C0EC2111F940}.Release|Any CPU.Deploy.0 = Release|Any CPU
		{EF854469-F6AE-4398-8463-C0EC2111F940}.Release|iPhone.ActiveCfg = Release|Any CPU
		{EF854469-F6AE-4398-8463-C0EC2111F940}.Release|iPhone.Build.0 = Release|Any CPU
		{EF854469-F6AE-4398-8463-C0EC2111F940}.Release|iPhone.Deploy.0 = Release|Any CPU
		{EF854469-F6AE-4398-8463-C0EC2111F940}.Release|iPhoneSimulator.ActiveCfg = Release|Any CPU
		{EF854469-F6AE-4398-8463-C0EC2111F940}.Release|iPhoneSimulator.Build.0 = Release|Any CPU
		{EF854469-F6AE-4398-8463-C0EC2111F940}.Release|iPhoneSimulator.Deploy.0 = Release|Any CPU
	EndGlobalSection
	GlobalSection(SolutionProperties) = preSolution
		HideSolutionNode = FALSE
	EndGlobalSection
	GlobalSection(ExtensibilityGlobals) = postSolution
		SolutionGuid = {2611C3C2-AA88-4C65-8CEA-528A221F00F6}
	EndGlobalSection
EndGlobal
